
Microsoft Visual Studio Solution File, Format Version 12.00
# Visual Studio Version 16
VisualStudioVersion = 16.0.31515.178
MinimumVisualStudioVersion = 10.0.40219.1
Project("{9A19103F-16F7-4668-BE54-9A1E7A4F7556}") = "Testing.Bank", "Testing.Bank\Testing.Bank.csproj", "{B22FE0D8-9508-47BF-9B7B-921D80D634DB}"
EndProject
Project("{9A19103F-16F7-4668-BE54-9A1E7A4F7556}") = "Testing.Bank.Tests.Simple", "Testing.Bank.Tests.Simple\Testing.Bank.Tests.Simple.csproj", "{BD82AB52-B277-4325-A18E-D23BD4CF0D2A}"
EndProject
Project("{9A19103F-16F7-4668-BE54-9A1E7A4F7556}") = "Testing.Bank.Tests.InlineData", "Testing.Bank.Tests.InlineData\Testing.Bank.Tests.InlineData.csproj", "{5480703B-580C-4364-BA24-382CC5EFDAC2}"
EndProject
Project("{9A19103F-16F7-4668-BE54-9A1E7A4F7556}") = "Testing.Bank.Tests.MemberData", "Testing.Bank.Tests.MemberData\Testing.Bank.Tests.MemberData.csproj", "{087176D0-16DD-41E6-AACE-3023074F21B9}"
EndProject
Project("{9A19103F-16F7-4668-BE54-9A1E7A4F7556}") = "Testing.Bank.Tests.CustomData", "Testing.Bank.Tests.CustomData\Testing.Bank.Tests.CustomData.csproj", "{CAD77D32-F03B-4878-8496-96A9367462FD}"
EndProject
Project("{9A19103F-16F7-4668-BE54-9A1E7A4F7556}") = "Testing.Bank.Tests.ClassData", "Testing.Bank.Tests.ClassData\Testing.Bank.Tests.ClassData.csproj", "{08071DA9-6A58-48B5-9471-F3435DA6CF56}"
EndProject
Project("{9A19103F-16F7-4668-BE54-9A1E7A4F7556}") = "Testing.Bank.Tests.Assertions", "Testing.Bank.Tests.Assertions\Testing.Bank.Tests.Assertions.csproj", "{2C13F4DB-039B-4805-B0EE-DA184DEF402F}"
EndProject
Project("{FAE04EC0-301F-11D3-BF4B-00C04F79EFBC}") = "Testing.Bank.Tests.Fixtures", "Testing.Bank.Tests.Fixtures\Testing.Bank.Tests.Fixtures.csproj", "{2B2887DC-B010-4107-9E20-0D34E58E4B0F}"
EndProject
Global
	GlobalSection(SolutionConfigurationPlatforms) = preSolution
		Debug|Any CPU = Debug|Any CPU
		Release|Any CPU = Release|Any CPU
	EndGlobalSection
	GlobalSection(ProjectConfigurationPlatforms) = postSolution
		{B22FE0D8-9508-47BF-9B7B-921D80D634DB}.Debug|Any CPU.ActiveCfg = Debug|Any CPU
		{B22FE0D8-9508-47BF-9B7B-921D80D634DB}.Debug|Any CPU.Build.0 = Debug|Any CPU
		{B22FE0D8-9508-47BF-9B7B-921D80D634DB}.Release|Any CPU.ActiveCfg = Release|Any CPU
		{B22FE0D8-9508-47BF-9B7B-921D80D634DB}.Release|Any CPU.Build.0 = Release|Any CPU
		{BD82AB52-B277-4325-A18E-D23BD4CF0D2A}.Debug|Any CPU.ActiveCfg = Debug|Any CPU
		{BD82AB52-B277-4325-A18E-D23BD4CF0D2A}.Debug|Any CPU.Build.0 = Debug|Any CPU
		{BD82AB52-B277-4325-A18E-D23BD4CF0D2A}.Release|Any CPU.ActiveCfg = Release|Any CPU
		{BD82AB52-B277-4325-A18E-D23BD4CF0D2A}.Release|Any CPU.Build.0 = Release|Any CPU
		{5480703B-580C-4364-BA24-382CC5EFDAC2}.Debug|Any CPU.ActiveCfg = Debug|Any CPU
		{5480703B-580C-4364-BA24-382CC5EFDAC2}.Debug|Any CPU.Build.0 = Debug|Any CPU
		{5480703B-580C-4364-BA24-382CC5EFDAC2}.Release|Any CPU.ActiveCfg = Release|Any CPU
		{5480703B-580C-4364-BA24-382CC5EFDAC2}.Release|Any CPU.Build.0 = Release|Any CPU
		{087176D0-16DD-41E6-AACE-3023074F21B9}.Debug|Any CPU.ActiveCfg = Debug|Any CPU
		{087176D0-16DD-41E6-AACE-3023074F21B9}.Debug|Any CPU.Build.0 = Debug|Any CPU
		{087176D0-16DD-41E6-AACE-3023074F21B9}.Release|Any CPU.ActiveCfg = Release|Any CPU
		{087176D0-16DD-41E6-AACE-3023074F21B9}.Release|Any CPU.Build.0 = Release|Any CPU
		{CAD77D32-F03B-4878-8496-96A9367462FD}.Debug|Any CPU.ActiveCfg = Debug|Any CPU
		{CAD77D32-F03B-4878-8496-96A9367462FD}.Debug|Any CPU.Build.0 = Debug|Any CPU
		{CAD77D32-F03B-4878-8496-96A9367462FD}.Release|Any CPU.ActiveCfg = Release|Any CPU
		{CAD77D32-F03B-4878-8496-96A9367462FD}.Release|Any CPU.Build.0 = Release|Any CPU
		{08071DA9-6A58-48B5-9471-F3435DA6CF56}.Debug|Any CPU.ActiveCfg = Debug|Any CPU
		{08071DA9-6A58-48B5-9471-F3435DA6CF56}.Debug|Any CPU.Build.0 = Debug|Any CPU
		{08071DA9-6A58-48B5-9471-F3435DA6CF56}.Release|Any CPU.ActiveCfg = Release|Any CPU
		{08071DA9-6A58-48B5-9471-F3435DA6CF56}.Release|Any CPU.Build.0 = Release|Any CPU
		{2C13F4DB-039B-4805-B0EE-DA184DEF402F}.Debug|Any CPU.ActiveCfg = Debug|Any CPU
		{2C13F4DB-039B-4805-B0EE-DA184DEF402F}.Debug|Any CPU.Build.0 = Debug|Any CPU
		{2C13F4DB-039B-4805-B0EE-DA184DEF402F}.Release|Any CPU.ActiveCfg = Release|Any CPU
		{2C13F4DB-039B-4805-B0EE-DA184DEF402F}.Release|Any CPU.Build.0 = Release|Any CPU
		{2B2887DC-B010-4107-9E20-0D34E58E4B0F}.Debug|Any CPU.ActiveCfg = Debug|Any CPU
		{2B2887DC-B010-4107-9E20-0D34E58E4B0F}.Debug|Any CPU.Build.0 = Debug|Any CPU
		{2B2887DC-B010-4107-9E20-0D34E58E4B0F}.Release|Any CPU.ActiveCfg = Release|Any CPU
		{2B2887DC-B010-4107-9E20-0D34E58E4B0F}.Release|Any CPU.Build.0 = Release|Any CPU
	EndGlobalSection
	GlobalSection(SolutionProperties) = preSolution
		HideSolutionNode = FALSE
	EndGlobalSection
	GlobalSection(ExtensibilityGlobals) = postSolution
		SolutionGuid = {877DC5E8-537D-4C13-B600-FD35C0219D1D}
	EndGlobalSection
EndGlobal
